
Microsoft Visual Studio Solution File, Format Version 12.00
# Visual Studio Version 17
VisualStudioVersion = 17.7.34031.279
MinimumVisualStudioVersion = 10.0.40219.1
Project("{9A19103F-16F7-4668-BE54-9A1E7A4F7556}") = "ModernDesign", "ModernDesign.csproj", "{26301F90-70B0-4270-83A7-8F265B606F31}"
EndProject
Project("{FAE04EC0-301F-11D3-BF4B-00C04F79EFBC}") = "TestProject-HundeKennel", "..\TestProject-HundeKennel\TestProject-HundeKennel.csproj", "{7F130E11-01BD-4A63-9D17-E32EA4415F37}"
EndProject
Global
	GlobalSection(SolutionConfigurationPlatforms) = preSolution
		Debug|Any CPU = Debug|Any CPU
		Release|Any CPU = Release|Any CPU
	EndGlobalSection
	GlobalSection(ProjectConfigurationPlatforms) = postSolution
		{26301F90-70B0-4270-83A7-8F265B606F31}.Debug|Any CPU.ActiveCfg = Debug|Any CPU
		{26301F90-70B0-4270-83A7-8F265B606F31}.Debug|Any CPU.Build.0 = Debug|Any CPU
		{26301F90-70B0-4270-83A7-8F265B606F31}.Release|Any CPU.ActiveCfg = Release|Any CPU
		{26301F90-70B0-4270-83A7-8F265B606F31}.Release|Any CPU.Build.0 = Release|Any CPU
		{7F130E11-01BD-4A63-9D17-E32EA4415F37}.Debug|Any CPU.ActiveCfg = Debug|Any CPU
		{7F130E11-01BD-4A63-9D17-E32EA4415F37}.Debug|Any CPU.Build.0 = Debug|Any CPU
		{7F130E11-01BD-4A63-9D17-E32EA4415F37}.Release|Any CPU.ActiveCfg = Release|Any CPU
		{7F130E11-01BD-4A63-9D17-E32EA4415F37}.Release|Any CPU.Build.0 = Release|Any CPU
	EndGlobalSection
	GlobalSection(SolutionProperties) = preSolution
		HideSolutionNode = FALSE
	EndGlobalSection
	GlobalSection(ExtensibilityGlobals) = postSolution
		SolutionGuid = {07CCF891-05B7-4260-B74A-2BF4EA882F30}
	EndGlobalSection
EndGlobal
